
Microsoft Visual Studio Solution File, Format Version 12.00
# Visual Studio Version 17
VisualStudioVersion = 17.13.35825.156
MinimumVisualStudioVersion = 10.0.40219.1
Project("{FAE04EC0-301F-11D3-BF4B-00C04F79EFBC}") = "2025TAP", "2025TAP\2025TAP.csproj", "{1A69248E-A7CC-4AAB-B931-44148375F0AF}"
EndProject
Project("{FAE04EC0-301F-11D3-BF4B-00C04F79EFBC}") = "Arithmetics", "Arithmetics\Arithmetics.csproj", "{91DF683F-09CC-42DA-92B4-15B78F5A57FF}"
EndProject
Project("{FAE04EC0-301F-11D3-BF4B-00C04F79EFBC}") = "CustomButton", "CustomButton\CustomButton.csproj", "{7DA590AB-43E9-4B09-BA9B-4F00E7041A0A}"
EndProject
Global
	GlobalSection(SolutionConfigurationPlatforms) = preSolution
		Debug|Any CPU = Debug|Any CPU
		Release|Any CPU = Release|Any CPU
	EndGlobalSection
	GlobalSection(ProjectConfigurationPlatforms) = postSolution
		{1A69248E-A7CC-4AAB-B931-44148375F0AF}.Debug|Any CPU.ActiveCfg = Debug|Any CPU
		{1A69248E-A7CC-4AAB-B931-44148375F0AF}.Debug|Any CPU.Build.0 = Debug|Any CPU
		{1A69248E-A7CC-4AAB-B931-44148375F0AF}.Release|Any CPU.ActiveCfg = Release|Any CPU
		{1A69248E-A7CC-4AAB-B931-44148375F0AF}.Release|Any CPU.Build.0 = Release|Any CPU
		{91DF683F-09CC-42DA-92B4-15B78F5A57FF}.Debug|Any CPU.ActiveCfg = Debug|Any CPU
		{91DF683F-09CC-42DA-92B4-15B78F5A57FF}.Debug|Any CPU.Build.0 = Debug|Any CPU
		{91DF683F-09CC-42DA-92B4-15B78F5A57FF}.Release|Any CPU.ActiveCfg = Release|Any CPU
		{91DF683F-09CC-42DA-92B4-15B78F5A57FF}.Release|Any CPU.Build.0 = Release|Any CPU
		{7DA590AB-43E9-4B09-BA9B-4F00E7041A0A}.Debug|Any CPU.ActiveCfg = Debug|Any CPU
		{7DA590AB-43E9-4B09-BA9B-4F00E7041A0A}.Debug|Any CPU.Build.0 = Debug|Any CPU
		{7DA590AB-43E9-4B09-BA9B-4F00E7041A0A}.Release|Any CPU.ActiveCfg = Release|Any CPU
		{7DA590AB-43E9-4B09-BA9B-4F00E7041A0A}.Release|Any CPU.Build.0 = Release|Any CPU
	EndGlobalSection
	GlobalSection(SolutionProperties) = preSolution
		HideSolutionNode = FALSE
	EndGlobalSection
	GlobalSection(ExtensibilityGlobals) = postSolution
		SolutionGuid = {8B27D38C-D768-48BE-BEE1-F07BA4BC1CC8}
	EndGlobalSection
EndGlobal
